// !$*UTF8*$!
{
	archiveVersion = 1;
	classes = {
	};
	objectVersion = 46;
	objects = {

/* Begin PBXBuildFile section */
		3814DC041E1CC0640064A2D2 /* main.m in Sources */ = {isa = PBXBuildFile; fileRef = 3814DC031E1CC0640064A2D2 /* main.m */; };
		3814DC071E1CC0640064A2D2 /* AppDelegate.m in Sources */ = {isa = PBXBuildFile; fileRef = 3814DC061E1CC0640064A2D2 /* AppDelegate.m */; };
		3814DC0A1E1CC0640064A2D2 /* FirstViewController.m in Sources */ = {isa = PBXBuildFile; fileRef = 3814DC091E1CC0640064A2D2 /* FirstViewController.m */; };
		3814DC0D1E1CC0640064A2D2 /* SecondViewController.m in Sources */ = {isa = PBXBuildFile; fileRef = 3814DC0C1E1CC0640064A2D2 /* SecondViewController.m */; };
		3814DC101E1CC0640064A2D2 /* Main.storyboard in Resources */ = {isa = PBXBuildFile; fileRef = 3814DC0E1E1CC0640064A2D2 /* Main.storyboard */; };
		3814DC121E1CC0640064A2D2 /* Assets.xcassets in Resources */ = {isa = PBXBuildFile; fileRef = 3814DC111E1CC0640064A2D2 /* Assets.xcassets */; };
		3814DC151E1CC0640064A2D2 /* LaunchScreen.storyboard in Resources */ = {isa = PBXBuildFile; fileRef = 3814DC131E1CC0640064A2D2 /* LaunchScreen.storyboard */; };
		3814DC201E1CC0640064A2D2 /* AssociatedObjectUITests.m in Sources */ = {isa = PBXBuildFile; fileRef = 3814DC1F1E1CC0640064A2D2 /* AssociatedObjectUITests.m */; };
		3838D6B31E8DF7CE00CE490F /* UIAlertView+Associate.m in Sources */ = {isa = PBXBuildFile; fileRef = 3838D6B21E8DF7CE00CE490F /* UIAlertView+Associate.m */; };
		3838D6BB1E8E423600CE490F /* NotificationCenter.framework in Frameworks */ = {isa = PBXBuildFile; fileRef = 3838D6BA1E8E423600CE490F /* NotificationCenter.framework */; };
		3838D6BF1E8E423600CE490F /* TodayViewController.m in Sources */ = {isa = PBXBuildFile; fileRef = 3838D6BE1E8E423600CE490F /* TodayViewController.m */; };
		3838D6C21E8E423600CE490F /* MainInterface.storyboard in Resources */ = {isa = PBXBuildFile; fileRef = 3838D6C01E8E423600CE490F /* MainInterface.storyboard */; };
		3838D6C61E8E423600CE490F /* SimpleTodayExtenstion.appex in Embed App Extensions */ = {isa = PBXBuildFile; fileRef = 3838D6B81E8E423600CE490F /* SimpleTodayExtenstion.appex */; settings = {ATTRIBUTES = (RemoveHeadersOnCopy, ); }; };
		3838D6CD1E8E49CB00CE490F /* TestViewController.m in Sources */ = {isa = PBXBuildFile; fileRef = 3838D6CC1E8E49CB00CE490F /* TestViewController.m */; };
/* End PBXBuildFile section */

/* Begin PBXContainerItemProxy section */
		3814DC1C1E1CC0640064A2D2 /* PBXContainerItemProxy */ = {
			isa = PBXContainerItemProxy;
			containerPortal = 3814DBF71E1CC0640064A2D2 /* Project object */;
			proxyType = 1;
			remoteGlobalIDString = 3814DBFE1E1CC0640064A2D2;
			remoteInfo = AssociatedObject;
		};
		3838D6C41E8E423600CE490F /* PBXContainerItemProxy */ = {
			isa = PBXContainerItemProxy;
			containerPortal = 3814DBF71E1CC0640064A2D2 /* Project object */;
			proxyType = 1;
			remoteGlobalIDString = 3838D6B71E8E423600CE490F;
			remoteInfo = SimpleTodayExtenstion;
		};
/* End PBXContainerItemProxy section */

/* Begin PBXCopyFilesBuildPhase section */
		3838D6CA1E8E423600CE490F /* Embed App Extensions */ = {
			isa = PBXCopyFilesBuildPhase;
			buildActionMask = 2147483647;
			dstPath = "";
			dstSubfolderSpec = 13;
			files = (
				3838D6C61E8E423600CE490F /* SimpleTodayExtenstion.appex in Embed App Extensions */,
			);
			name = "Embed App Extensions";
			runOnlyForDeploymentPostprocessing = 0;
		};
/* End PBXCopyFilesBuildPhase section */

/* Begin PBXFileReference section */
		3814DBFF1E1CC0640064A2D2 /* AssociatedObject.app */ = {isa = PBXFileReference; explicitFileType = wrapper.application; includeInIndex = 0; path = AssociatedObject.app; sourceTree = BUILT_PRODUCTS_DIR; };
		3814DC031E1CC0640064A2D2 /* main.m */ = {isa = PBXFileReference; lastKnownFileType = sourcecode.c.objc; path = main.m; sourceTree = "<group>"; };
		3814DC051E1CC0640064A2D2 /* AppDelegate.h */ = {isa = PBXFileReference; lastKnownFileType = sourcecode.c.h; path = AppDelegate.h; sourceTree = "<group>"; };
		3814DC061E1CC0640064A2D2 /* AppDelegate.m */ = {isa = PBXFileReference; lastKnownFileType = sourcecode.c.objc; path = AppDelegate.m; sourceTree = "<group>"; };
		3814DC081E1CC0640064A2D2 /* FirstViewController.h */ = {isa = PBXFileReference; lastKnownFileType = sourcecode.c.h; path = FirstViewController.h; sourceTree = "<group>"; };
		3814DC091E1CC0640064A2D2 /* FirstViewController.m */ = {isa = PBXFileReference; lastKnownFileType = sourcecode.c.objc; path = FirstViewController.m; sourceTree = "<group>"; };
		3814DC0B1E1CC0640064A2D2 /* SecondViewController.h */ = {isa = PBXFileReference; lastKnownFileType = sourcecode.c.h; path = SecondViewController.h; sourceTree = "<group>"; };
		3814DC0C1E1CC0640064A2D2 /* SecondViewController.m */ = {isa = PBXFileReference; lastKnownFileType = sourcecode.c.objc; path = SecondViewController.m; sourceTree = "<group>"; };
		3814DC0F1E1CC0640064A2D2 /* Base */ = {isa = PBXFileReference; lastKnownFileType = file.storyboard; name = Base; path = Base.lproj/Main.storyboard; sourceTree = "<group>"; };
		3814DC111E1CC0640064A2D2 /* Assets.xcassets */ = {isa = PBXFileReference; lastKnownFileType = folder.assetcatalog; path = Assets.xcassets; sourceTree = "<group>"; };
		3814DC141E1CC0640064A2D2 /* Base */ = {isa = PBXFileReference; lastKnownFileType = file.storyboard; name = Base; path = Base.lproj/LaunchScreen.storyboard; sourceTree = "<group>"; };
		3814DC161E1CC0640064A2D2 /* Info.plist */ = {isa = PBXFileReference; lastKnownFileType = text.plist.xml; path = Info.plist; sourceTree = "<group>"; };
		3814DC1B1E1CC0640064A2D2 /* AssociatedObjectUITests.xctest */ = {isa = PBXFileReference; explicitFileType = wrapper.cfbundle; includeInIndex = 0; path = AssociatedObjectUITests.xctest; sourceTree = BUILT_PRODUCTS_DIR; };
		3814DC1F1E1CC0640064A2D2 /* AssociatedObjectUITests.m */ = {isa = PBXFileReference; lastKnownFileType = sourcecode.c.objc; path = AssociatedObjectUITests.m; sourceTree = "<group>"; };
		3814DC211E1CC0640064A2D2 /* Info.plist */ = {isa = PBXFileReference; lastKnownFileType = text.plist.xml; path = Info.plist; sourceTree = "<group>"; };
		3838D6B11E8DF7CE00CE490F /* UIAlertView+Associate.h */ = {isa = PBXFileReference; fileEncoding = 4; lastKnownFileType = sourcecode.c.h; path = "UIAlertView+Associate.h"; sourceTree = "<group>"; };
		3838D6B21E8DF7CE00CE490F /* UIAlertView+Associate.m */ = {isa = PBXFileReference; fileEncoding = 4; lastKnownFileType = sourcecode.c.objc; path = "UIAlertView+Associate.m"; sourceTree = "<group>"; };
		3838D6B81E8E423600CE490F /* SimpleTodayExtenstion.appex */ = {isa = PBXFileReference; explicitFileType = "wrapper.app-extension"; includeInIndex = 0; path = SimpleTodayExtenstion.appex; sourceTree = BUILT_PRODUCTS_DIR; };
		3838D6BA1E8E423600CE490F /* NotificationCenter.framework */ = {isa = PBXFileReference; lastKnownFileType = wrapper.framework; name = NotificationCenter.framework; path = System/Library/Frameworks/NotificationCenter.framework; sourceTree = SDKROOT; };
		3838D6BD1E8E423600CE490F /* TodayViewController.h */ = {isa = PBXFileReference; lastKnownFileType = sourcecode.c.h; path = TodayViewController.h; sourceTree = "<group>"; };
		3838D6BE1E8E423600CE490F /* TodayViewController.m */ = {isa = PBXFileReference; lastKnownFileType = sourcecode.c.objc; path = TodayViewController.m; sourceTree = "<group>"; };
		3838D6C11E8E423600CE490F /* Base */ = {isa = PBXFileReference; lastKnownFileType = file.storyboard; name = Base; path = Base.lproj/MainInterface.storyboard; sourceTree = "<group>"; };
		3838D6C31E8E423600CE490F /* Info.plist */ = {isa = PBXFileReference; lastKnownFileType = text.plist.xml; path = Info.plist; sourceTree = "<group>"; };
		3838D6CB1E8E49CB00CE490F /* TestViewController.h */ = {isa = PBXFileReference; fileEncoding = 4; lastKnownFileType = sourcecode.c.h; path = TestViewController.h; sourceTree = "<group>"; };
		3838D6CC1E8E49CB00CE490F /* TestViewController.m */ = {isa = PBXFileReference; fileEncoding = 4; lastKnownFileType = sourcecode.c.objc; path = TestViewController.m; sourceTree = "<group>"; };
/* End PBXFileReference section */

/* Begin PBXFrameworksBuildPhase section */
		3814DBFC1E1CC0640064A2D2 /* Frameworks */ = {
			isa = PBXFrameworksBuildPhase;
			buildActionMask = 2147483647;
			files = (
			);
			runOnlyForDeploymentPostprocessing = 0;
		};
		3814DC181E1CC0640064A2D2 /* Frameworks */ = {
			isa = PBXFrameworksBuildPhase;
			buildActionMask = 2147483647;
			files = (
			);
			runOnlyForDeploymentPostprocessing = 0;
		};
		3838D6B51E8E423600CE490F /* Frameworks */ = {
			isa = PBXFrameworksBuildPhase;
			buildActionMask = 2147483647;
			files = (
				3838D6BB1E8E423600CE490F /* NotificationCenter.framework in Frameworks */,
			);
			runOnlyForDeploymentPostprocessing = 0;
		};
/* End PBXFrameworksBuildPhase section */

/* Begin PBXGroup section */
		3814DBF61E1CC0640064A2D2 = {
			isa = PBXGroup;
			children = (
				3814DC011E1CC0640064A2D2 /* AssociatedObject */,
				3814DC1E1E1CC0640064A2D2 /* AssociatedObjectUITests */,
				3838D6BC1E8E423600CE490F /* SimpleTodayExtenstion */,
				3838D6B91E8E423600CE490F /* Frameworks */,
				3814DC001E1CC0640064A2D2 /* Products */,
			);
			sourceTree = "<group>";
		};
		3814DC001E1CC0640064A2D2 /* Products */ = {
			isa = PBXGroup;
			children = (
				3814DBFF1E1CC0640064A2D2 /* AssociatedObject.app */,
				3814DC1B1E1CC0640064A2D2 /* AssociatedObjectUITests.xctest */,
				3838D6B81E8E423600CE490F /* SimpleTodayExtenstion.appex */,
			);
			name = Products;
			sourceTree = "<group>";
		};
		3814DC011E1CC0640064A2D2 /* AssociatedObject */ = {
			isa = PBXGroup;
			children = (
				3814DC051E1CC0640064A2D2 /* AppDelegate.h */,
				3814DC061E1CC0640064A2D2 /* AppDelegate.m */,
				3814DC081E1CC0640064A2D2 /* FirstViewController.h */,
				3814DC091E1CC0640064A2D2 /* FirstViewController.m */,
				3814DC0B1E1CC0640064A2D2 /* SecondViewController.h */,
				3814DC0C1E1CC0640064A2D2 /* SecondViewController.m */,
				3814DC0E1E1CC0640064A2D2 /* Main.storyboard */,
				3814DC111E1CC0640064A2D2 /* Assets.xcassets */,
				3814DC131E1CC0640064A2D2 /* LaunchScreen.storyboard */,
				3814DC161E1CC0640064A2D2 /* Info.plist */,
				3814DC021E1CC0640064A2D2 /* Supporting Files */,
				3838D6B11E8DF7CE00CE490F /* UIAlertView+Associate.h */,
				3838D6B21E8DF7CE00CE490F /* UIAlertView+Associate.m */,
			);
			path = AssociatedObject;
			sourceTree = "<group>";
		};
		3814DC021E1CC0640064A2D2 /* Supporting Files */ = {
			isa = PBXGroup;
			children = (
				3814DC031E1CC0640064A2D2 /* main.m */,
			);
			name = "Supporting Files";
			sourceTree = "<group>";
		};
		3814DC1E1E1CC0640064A2D2 /* AssociatedObjectUITests */ = {
			isa = PBXGroup;
			children = (
				3814DC1F1E1CC0640064A2D2 /* AssociatedObjectUITests.m */,
				3814DC211E1CC0640064A2D2 /* Info.plist */,
			);
			path = AssociatedObjectUITests;
			sourceTree = "<group>";
		};
		3838D6B91E8E423600CE490F /* Frameworks */ = {
			isa = PBXGroup;
			children = (
				3838D6BA1E8E423600CE490F /* NotificationCenter.framework */,
			);
			name = Frameworks;
			sourceTree = "<group>";
		};
		3838D6BC1E8E423600CE490F /* SimpleTodayExtenstion */ = {
			isa = PBXGroup;
			children = (
				3838D6BD1E8E423600CE490F /* TodayViewController.h */,
				3838D6BE1E8E423600CE490F /* TodayViewController.m */,
				3838D6C01E8E423600CE490F /* MainInterface.storyboard */,
				3838D6C31E8E423600CE490F /* Info.plist */,
				3838D6CB1E8E49CB00CE490F /* TestViewController.h */,
				3838D6CC1E8E49CB00CE490F /* TestViewController.m */,
			);
			path = SimpleTodayExtenstion;
			sourceTree = "<group>";
		};
/* End PBXGroup section */

/* Begin PBXNativeTarget section */
		3814DBFE1E1CC0640064A2D2 /* AssociatedObject */ = {
			isa = PBXNativeTarget;
			buildConfigurationList = 3814DC241E1CC0640064A2D2 /* Build configuration list for PBXNativeTarget "AssociatedObject" */;
			buildPhases = (
				3814DBFB1E1CC0640064A2D2 /* Sources */,
				3814DBFC1E1CC0640064A2D2 /* Frameworks */,
				3814DBFD1E1CC0640064A2D2 /* Resources */,
				3838D6CA1E8E423600CE490F /* Embed App Extensions */,
			);
			buildRules = (
			);
			dependencies = (
				3838D6C51E8E423600CE490F /* PBXTargetDependency */,
			);
			name = AssociatedObject;
			productName = AssociatedObject;
			productReference = 3814DBFF1E1CC0640064A2D2 /* AssociatedObject.app */;
			productType = "com.apple.product-type.application";
		};
		3814DC1A1E1CC0640064A2D2 /* AssociatedObjectUITests */ = {
			isa = PBXNativeTarget;
			buildConfigurationList = 3814DC271E1CC0640064A2D2 /* Build configuration list for PBXNativeTarget "AssociatedObjectUITests" */;
			buildPhases = (
				3814DC171E1CC0640064A2D2 /* Sources */,
				3814DC181E1CC0640064A2D2 /* Frameworks */,
				3814DC191E1CC0640064A2D2 /* Resources */,
			);
			buildRules = (
			);
			dependencies = (
				3814DC1D1E1CC0640064A2D2 /* PBXTargetDependency */,
			);
			name = AssociatedObjectUITests;
			productName = AssociatedObjectUITests;
			productReference = 3814DC1B1E1CC0640064A2D2 /* AssociatedObjectUITests.xctest */;
			productType = "com.apple.product-type.bundle.ui-testing";
		};
		3838D6B71E8E423600CE490F /* SimpleTodayExtenstion */ = {
			isa = PBXNativeTarget;
			buildConfigurationList = 3838D6C71E8E423600CE490F /* Build configuration list for PBXNativeTarget "SimpleTodayExtenstion" */;
			buildPhases = (
				3838D6B41E8E423600CE490F /* Sources */,
				3838D6B51E8E423600CE490F /* Frameworks */,
				3838D6B61E8E423600CE490F /* Resources */,
			);
			buildRules = (
			);
			dependencies = (
			);
			name = SimpleTodayExtenstion;
			productName = SimpleTodayExtenstion;
			productReference = 3838D6B81E8E423600CE490F /* SimpleTodayExtenstion.appex */;
			productType = "com.apple.product-type.app-extension";
		};
/* End PBXNativeTarget section */

/* Begin PBXProject section */
		3814DBF71E1CC0640064A2D2 /* Project object */ = {
			isa = PBXProject;
			attributes = {
				LastUpgradeCheck = 0720;
				ORGANIZATIONNAME = zj;
				TargetAttributes = {
					3814DBFE1E1CC0640064A2D2 = {
						CreatedOnToolsVersion = 7.2;
						ProvisioningStyle = Manual;
					};
					3814DC1A1E1CC0640064A2D2 = {
						CreatedOnToolsVersion = 7.2;
						TestTargetID = 3814DBFE1E1CC0640064A2D2;
					};
					3838D6B71E8E423600CE490F = {
						CreatedOnToolsVersion = 8.2.1;
						ProvisioningStyle = Automatic;
					};
				};
			};
			buildConfigurationList = 3814DBFA1E1CC0640064A2D2 /* Build configuration list for PBXProject "AssociatedObject" */;
			compatibilityVersion = "Xcode 3.2";
			developmentRegion = English;
			hasScannedForEncodings = 0;
			knownRegions = (
				en,
				Base,
			);
			mainGroup = 3814DBF61E1CC0640064A2D2;
			productRefGroup = 3814DC001E1CC0640064A2D2 /* Products */;
			projectDirPath = "";
			projectRoot = "";
			targets = (
				3814DBFE1E1CC0640064A2D2 /* AssociatedObject */,
				3814DC1A1E1CC0640064A2D2 /* AssociatedObjectUITests */,
				3838D6B71E8E423600CE490F /* SimpleTodayExtenstion */,
			);
		};
/* End PBXProject section */

/* Begin PBXResourcesBuildPhase section */
		3814DBFD1E1CC0640064A2D2 /* Resources */ = {
			isa = PBXResourcesBuildPhase;
			buildActionMask = 2147483647;
			files = (
				3814DC151E1CC0640064A2D2 /* LaunchScreen.storyboard in Resources */,
				3814DC121E1CC0640064A2D2 /* Assets.xcassets in Resources */,
				3814DC101E1CC0640064A2D2 /* Main.storyboard in Resources */,
			);
			runOnlyForDeploymentPostprocessing = 0;
		};
		3814DC191E1CC0640064A2D2 /* Resources */ = {
			isa = PBXResourcesBuildPhase;
			buildActionMask = 2147483647;
			files = (
			);
			runOnlyForDeploymentPostprocessing = 0;
		};
		3838D6B61E8E423600CE490F /* Resources */ = {
			isa = PBXResourcesBuildPhase;
			buildActionMask = 2147483647;
			files = (
				3838D6C21E8E423600CE490F /* MainInterface.storyboard in Resources */,
			);
			runOnlyForDeploymentPostprocessing = 0;
		};
/* End PBXResourcesBuildPhase section */

/* Begin PBXSourcesBuildPhase section */
		3814DBFB1E1CC0640064A2D2 /* Sources */ = {
			isa = PBXSourcesBuildPhase;
			buildActionMask = 2147483647;
			files = (
				3814DC0D1E1CC0640064A2D2 /* SecondViewController.m in Sources */,
				3838D6B31E8DF7CE00CE490F /* UIAlertView+Associate.m in Sources */,
				3814DC071E1CC0640064A2D2 /* AppDelegate.m in Sources */,
				3814DC0A1E1CC0640064A2D2 /* FirstViewController.m in Sources */,
				3814DC041E1CC0640064A2D2 /* main.m in Sources */,
			);
			runOnlyForDeploymentPostprocessing = 0;
		};
		3814DC171E1CC0640064A2D2 /* Sources */ = {
			isa = PBXSourcesBuildPhase;
			buildActionMask = 2147483647;
			files = (
				3814DC201E1CC0640064A2D2 /* AssociatedObjectUITests.m in Sources */,
			);
			runOnlyForDeploymentPostprocessing = 0;
		};
		3838D6B41E8E423600CE490F /* Sources */ = {
			isa = PBXSourcesBuildPhase;
			buildActionMask = 2147483647;
			files = (
				3838D6CD1E8E49CB00CE490F /* TestViewController.m in Sources */,
				3838D6BF1E8E423600CE490F /* TodayViewController.m in Sources */,
			);
			runOnlyForDeploymentPostprocessing = 0;
		};
/* End PBXSourcesBuildPhase section */

/* Begin PBXTargetDependency section */
		3814DC1D1E1CC0640064A2D2 /* PBXTargetDependency */ = {
			isa = PBXTargetDependency;
			target = 3814DBFE1E1CC0640064A2D2 /* AssociatedObject */;
			targetProxy = 3814DC1C1E1CC0640064A2D2 /* PBXContainerItemProxy */;
		};
		3838D6C51E8E423600CE490F /* PBXTargetDependency */ = {
			isa = PBXTargetDependency;
			target = 3838D6B71E8E423600CE490F /* SimpleTodayExtenstion */;
			targetProxy = 3838D6C41E8E423600CE490F /* PBXContainerItemProxy */;
		};
/* End PBXTargetDependency section */

/* Begin PBXVariantGroup section */
		3814DC0E1E1CC0640064A2D2 /* Main.storyboard */ = {
			isa = PBXVariantGroup;
			children = (
				3814DC0F1E1CC0640064A2D2 /* Base */,
			);
			name = Main.storyboard;
			sourceTree = "<group>";
		};
		3814DC131E1CC0640064A2D2 /* LaunchScreen.storyboard */ = {
			isa = PBXVariantGroup;
			children = (
				3814DC141E1CC0640064A2D2 /* Base */,
			);
			name = LaunchScreen.storyboard;
			sourceTree = "<group>";
		};
		3838D6C01E8E423600CE490F /* MainInterface.storyboard */ = {
			isa = PBXVariantGroup;
			children = (
				3838D6C11E8E423600CE490F /* Base */,
			);
			name = MainInterface.storyboard;
			sourceTree = "<group>";
		};
/* End PBXVariantGroup section */

/* Begin XCBuildConfiguration section */
		3814DC221E1CC0640064A2D2 /* Debug */ = {
			isa = XCBuildConfiguration;
			buildSettings = {
				ALWAYS_SEARCH_USER_PATHS = NO;
				CLANG_CXX_LANGUAGE_STANDARD = "gnu++0x";
				CLANG_CXX_LIBRARY = "libc++";
				CLANG_ENABLE_MODULES = YES;
				CLANG_ENABLE_OBJC_ARC = YES;
				CLANG_WARN_BOOL_CONVERSION = YES;
				CLANG_WARN_CONSTANT_CONVERSION = YES;
				CLANG_WARN_DIRECT_OBJC_ISA_USAGE = YES_ERROR;
				CLANG_WARN_EMPTY_BODY = YES;
				CLANG_WARN_ENUM_CONVERSION = YES;
				CLANG_WARN_INT_CONVERSION = YES;
				CLANG_WARN_OBJC_ROOT_CLASS = YES_ERROR;
				CLANG_WARN_UNREACHABLE_CODE = YES;
				CLANG_WARN__DUPLICATE_METHOD_MATCH = YES;
				"CODE_SIGN_IDENTITY[sdk=iphoneos*]" = "iPhone Developer";
				COPY_PHASE_STRIP = NO;
				DEBUG_INFORMATION_FORMAT = dwarf;
				ENABLE_STRICT_OBJC_MSGSEND = YES;
				ENABLE_TESTABILITY = YES;
				GCC_C_LANGUAGE_STANDARD = gnu99;
				GCC_DYNAMIC_NO_PIC = NO;
				GCC_NO_COMMON_BLOCKS = YES;
				GCC_OPTIMIZATION_LEVEL = 0;
				GCC_PREPROCESSOR_DEFINITIONS = (
					"DEBUG=1",
					"$(inherited)",
				);
				GCC_WARN_64_TO_32_BIT_CONVERSION = YES;
				GCC_WARN_ABOUT_RETURN_TYPE = YES_ERROR;
				GCC_WARN_UNDECLARED_SELECTOR = YES;
				GCC_WARN_UNINITIALIZED_AUTOS = YES_AGGRESSIVE;
				GCC_WARN_UNUSED_FUNCTION = YES;
				GCC_WARN_UNUSED_VARIABLE = YES;
				IPHONEOS_DEPLOYMENT_TARGET = 9.2;
				MTL_ENABLE_DEBUG_INFO = YES;
				ONLY_ACTIVE_ARCH = YES;
				SDKROOT = iphoneos;
			};
			name = Debug;
		};
		3814DC231E1CC0640064A2D2 /* Release */ = {
			isa = XCBuildConfiguration;
			buildSettings = {
				ALWAYS_SEARCH_USER_PATHS = NO;
				CLANG_CXX_LANGUAGE_STANDARD = "gnu++0x";
				CLANG_CXX_LIBRARY = "libc++";
				CLANG_ENABLE_MODULES = YES;
				CLANG_ENABLE_OBJC_ARC = YES;
				CLANG_WARN_BOOL_CONVERSION = YES;
				CLANG_WARN_CONSTANT_CONVERSION = YES;
				CLANG_WARN_DIRECT_OBJC_ISA_USAGE = YES_ERROR;
				CLANG_WARN_EMPTY_BODY = YES;
				CLANG_WARN_ENUM_CONVERSION = YES;
				CLANG_WARN_INT_CONVERSION = YES;
				CLANG_WARN_OBJC_ROOT_CLASS = YES_ERROR;
				CLANG_WARN_UNREACHABLE_CODE = YES;
				CLANG_WARN__DUPLICATE_METHOD_MATCH = YES;
				"CODE_SIGN_IDENTITY[sdk=iphoneos*]" = "iPhone Developer";
				COPY_PHASE_STRIP = NO;
				DEBUG_INFORMATION_FORMAT = "dwarf-with-dsym";
				ENABLE_NS_ASSERTIONS = NO;
				ENABLE_STRICT_OBJC_MSGSEND = YES;
				GCC_C_LANGUAGE_STANDARD = gnu99;
				GCC_NO_COMMON_BLOCKS = YES;
				GCC_WARN_64_TO_32_BIT_CONVERSION = YES;
				GCC_WARN_ABOUT_RETURN_TYPE = YES_ERROR;
				GCC_WARN_UNDECLARED_SELECTOR = YES;
				GCC_WARN_UNINITIALIZED_AUTOS = YES_AGGRESSIVE;
				GCC_WARN_UNUSED_FUNCTION = YES;
				GCC_WARN_UNUSED_VARIABLE = YES;
				IPHONEOS_DEPLOYMENT_TARGET = 9.2;
				MTL_ENABLE_DEBUG_INFO = NO;
				SDKROOT = iphoneos;
				VALIDATE_PRODUCT = YES;
			};
			name = Release;
		};
		3814DC251E1CC0640064A2D2 /* Debug */ = {
			isa = XCBuildConfiguration;
			buildSettings = {
				ASSETCATALOG_COMPILER_APPICON_NAME = AppIcon;
				DEVELOPMENT_TEAM = "";
				INFOPLIST_FILE = AssociatedObject/Info.plist;
				LD_RUNPATH_SEARCH_PATHS = "$(inherited) @executable_path/Frameworks";
				PRODUCT_BUNDLE_IDENTIFIER = com.zj.AssociatedObject;
				PRODUCT_NAME = "$(TARGET_NAME)";
			};
			name = Debug;
		};
		3814DC261E1CC0640064A2D2 /* Release */ = {
			isa = XCBuildConfiguration;
			buildSettings = {
				ASSETCATALOG_COMPILER_APPICON_NAME = AppIcon;
				DEVELOPMENT_TEAM = "";
				INFOPLIST_FILE = AssociatedObject/Info.plist;
				LD_RUNPATH_SEARCH_PATHS = "$(inherited) @executable_path/Frameworks";
				PRODUCT_BUNDLE_IDENTIFIER = com.zj.AssociatedObject;
				PRODUCT_NAME = "$(TARGET_NAME)";
			};
			name = Release;
		};
		3814DC281E1CC0640064A2D2 /* Debug */ = {
			isa = XCBuildConfiguration;
			buildSettings = {
				INFOPLIST_FILE = AssociatedObjectUITests/Info.plist;
				LD_RUNPATH_SEARCH_PATHS = "$(inherited) @executable_path/Frameworks @loader_path/Frameworks";
				PRODUCT_BUNDLE_IDENTIFIER = com.zj.AssociatedObjectUITests;
				PRODUCT_NAME = "$(TARGET_NAME)";
				TEST_TARGET_NAME = AssociatedObject;
				USES_XCTRUNNER = YES;
			};
			name = Debug;
		};
		3814DC291E1CC0640064A2D2 /* Release */ = {
			isa = XCBuildConfiguration;
			buildSettings = {
				INFOPLIST_FILE = AssociatedObjectUITests/Info.plist;
				LD_RUNPATH_SEARCH_PATHS = "$(inherited) @executable_path/Frameworks @loader_path/Frameworks";
				PRODUCT_BUNDLE_IDENTIFIER = com.zj.AssociatedObjectUITests;
				PRODUCT_NAME = "$(TARGET_NAME)";
				TEST_TARGET_NAME = AssociatedObject;
				USES_XCTRUNNER = YES;
			};
			name = Release;
		};
		3838D6C81E8E423600CE490F /* Debug */ = {
			isa = XCBuildConfiguration;
			buildSettings = {
				CLANG_ANALYZER_NONNULL = YES;
				CLANG_WARN_DOCUMENTATION_COMMENTS = YES;
				CLANG_WARN_INFINITE_RECURSION = YES;
				CLANG_WARN_SUSPICIOUS_MOVE = YES;
				INFOPLIST_FILE = SimpleTodayExtenstion/Info.plist;
				IPHONEOS_DEPLOYMENT_TARGET = 10.2;
				LD_RUNPATH_SEARCH_PATHS = "$(inherited) @executable_path/Frameworks @executable_path/../../Frameworks";
				PRODUCT_BUNDLE_IDENTIFIER = com.zj.AssociatedObject.SimpleTodayExtenstion;
				PRODUCT_NAME = "$(TARGET_NAME)";
				SKIP_INSTALL = YES;
			};
			name = Debug;
		};
		3838D6C91E8E423600CE490F /* Release */ = {
			isa = XCBuildConfiguration;
			buildSettings = {
				CLANG_ANALYZER_NONNULL = YES;
				CLANG_WARN_DOCUMENTATION_COMMENTS = YES;
				CLANG_WARN_INFINITE_RECURSION = YES;
				CLANG_WARN_SUSPICIOUS_MOVE = YES;
				INFOPLIST_FILE = SimpleTodayExtenstion/Info.plist;
				IPHONEOS_DEPLOYMENT_TARGET = 10.2;
				LD_RUNPATH_SEARCH_PATHS = "$(inherited) @executable_path/Frameworks @executable_path/../../Frameworks";
				PRODUCT_BUNDLE_IDENTIFIER = com.zj.AssociatedObject.SimpleTodayExtenstion;
				PRODUCT_NAME = "$(TARGET_NAME)";
				SKIP_INSTALL = YES;
			};
			name = Release;
		};
/* End XCBuildConfiguration section */

/* Begin XCConfigurationList section */
		3814DBFA1E1CC0640064A2D2 /* Build configuration list for PBXProject "AssociatedObject" */ = {
			isa = XCConfigurationList;
			buildConfigurations = (
				3814DC221E1CC0640064A2D2 /* Debug */,
				3814DC231E1CC0640064A2D2 /* Release */,
			);
			defaultConfigurationIsVisible = 0;
			defaultConfigurationName = Release;
		};
		3814DC241E1CC0640064A2D2 /* Build configuration list for PBXNativeTarget "AssociatedObject" */ = {
			isa = XCConfigurationList;
			buildConfigurations = (
				3814DC251E1CC0640064A2D2 /* Debug */,
				3814DC261E1CC0640064A2D2 /* Release */,
			);
			defaultConfigurationIsVisible = 0;
			defaultConfigurationName = Release;
		};
		3814DC271E1CC0640064A2D2 /* Build configuration list for PBXNativeTarget "AssociatedObjectUITests" */ = {
			isa = XCConfigurationList;
			buildConfigurations = (
				3814DC281E1CC0640064A2D2 /* Debug */,
				3814DC291E1CC0640064A2D2 /* Release */,
			);
			defaultConfigurationIsVisible = 0;
			defaultConfigurationName = Release;
		};
		3838D6C71E8E423600CE490F /* Build configuration list for PBXNativeTarget "SimpleTodayExtenstion" */ = {
			isa = XCConfigurationList;
			buildConfigurations = (
				3838D6C81E8E423600CE490F /* Debug */,
				3838D6C91E8E423600CE490F /* Release */,
			);
			defaultConfigurationIsVisible = 0;
			defaultConfigurationName = Release;
		};
/* End XCConfigurationList section */
	};
	rootObject = 3814DBF71E1CC0640064A2D2 /* Project object */;
}
